<?xml version="1.0" encoding="utf-8"?>
<Project ToolsVersion="4.0" xmlns="http://schemas.microsoft.com/developer/msbuild/2003">
  <ItemGroup>
    <Filter Include="Исходные файлы">
      <UniqueIdentifier>{4FC737F1-C7A5-4376-A066-2A32D752A2FF}</UniqueIdentifier>
      <Extensions>cpp;c;cc;cxx;c++;cppm;ixx;def;odl;idl;hpj;bat;asm;asmx</Extensions>
    </Filter>
    <Filter Include="Файлы заголовков">
      <UniqueIdentifier>{93995380-89BD-4b04-88EB-625FBE52EBFB}</UniqueIdentifier>
      <Extensions>h;hh;hpp;hxx;h++;hm;inl;inc;ipp;xsd</Extensions>
    </Filter>
    <Filter Include="Файлы ресурсов">
      <UniqueIdentifier>{67DA6AB6-F800-4c08-8B7A-83BB121AAD01}</UniqueIdentifier>
      <Extensions>rc;ico;cur;bmp;dlg;rc2;rct;bin;rgs;gif;jpg;jpeg;jpe;resx;tiff;tif;png;wav;mfcribbon-ms</Extensions>
    </Filter>
    <Filter Include="Исходные файлы\Map">
      <UniqueIdentifier>{9dd040f1-eb67-4b82-a6a4-f1aed981391c}</UniqueIdentifier>
    </Filter>
    <Filter Include="Файлы заголовков\Map">
      <UniqueIdentifier>{6dd3eeb2-d44c-4744-a6b4-a16c3cd3aba0}</UniqueIdentifier>
    </Filter>
    <Filter Include="Исходные файлы\Animator">
      <UniqueIdentifier>{ca3f7bd1-2357-4728-84f4-0c788eb6f834}</UniqueIdentifier>
    </Filter>
    <Filter Include="Файлы заголовков\Animator">
      <UniqueIdentifier>{168712a7-274e-4fcf-ad78-97c32aa95c19}</UniqueIdentifier>
    </Filter>
    <Filter Include="Исходные файлы\States">
      <UniqueIdentifier>{37063035-730c-4673-9765-4d12869604ed}</UniqueIdentifier>
    </Filter>
    <Filter Include="Файлы заголовков\States">
      <UniqueIdentifier>{8d87f534-e015-4772-b006-78f5631e1164}</UniqueIdentifier>
    </Filter>
    <Filter Include="Исходные файлы\GameObjects">
      <UniqueIdentifier>{4ee77ab3-7059-4aaf-b2c6-0663e607d1dc}</UniqueIdentifier>
    </Filter>
    <Filter Include="Файлы заголовков\GameObjects">
      <UniqueIdentifier>{b9ee56aa-389d-4fae-a66a-8be3d620f4ed}</UniqueIdentifier>
    </Filter>
    <Filter Include="Файлы заголовков\Containers">
      <UniqueIdentifier>{55466cd3-a868-4110-9cfe-58fa2069f9e2}</UniqueIdentifier>
    </Filter>
    <Filter Include="Исходные файлы\Containers">
      <UniqueIdentifier>{1bd41bde-bf55-4b41-a8b2-d872321b6adf}</UniqueIdentifier>
    </Filter>
    <Filter Include="Исходные файлы\Menu">
      <UniqueIdentifier>{e02ce319-d2d7-4080-940a-0029ab96d919}</UniqueIdentifier>
    </Filter>
    <Filter Include="Файлы заголовков\Menu">
      <UniqueIdentifier>{e79bab63-05a0-49b9-9b82-5c27e1c10206}</UniqueIdentifier>
    </Filter>
  </ItemGroup>
  <ItemGroup>
    <ClCompile Include="main.cpp">
      <Filter>Исходные файлы</Filter>
    </ClCompile>
    <ClCompile Include="Game.cpp">
      <Filter>Исходные файлы</Filter>
    </ClCompile>
    <ClCompile Include="Map\Map.cpp">
      <Filter>Исходные файлы\Map</Filter>
    </ClCompile>
    <ClCompile Include="Map\Tileset.cpp">
      <Filter>Исходные файлы\Map</Filter>
    </ClCompile>
    <ClCompile Include="Camera.cpp">
      <Filter>Исходные файлы</Filter>
    </ClCompile>
    <ClCompile Include="Animation.cpp">
      <Filter>Исходные файлы\Animator</Filter>
    </ClCompile>
    <ClCompile Include="Animator.cpp">
      <Filter>Исходные файлы\Animator</Filter>
    </ClCompile>
    <ClCompile Include="Player.cpp">
      <Filter>Исходные файлы\GameObjects</Filter>
    </ClCompile>
    <ClCompile Include="GameObject.cpp">
      <Filter>Исходные файлы\GameObjects</Filter>
    </ClCompile>
    <ClCompile Include="Entity.cpp">
      <Filter>Исходные файлы\GameObjects</Filter>
    </ClCompile>
    <ClCompile Include="Enemy.cpp">
      <Filter>Исходные файлы\GameObjects</Filter>
    </ClCompile>
    <ClCompile Include="TextureContainer\TextureContainer.cpp">
      <Filter>Исходные файлы\Containers</Filter>
    </ClCompile>
    <ClCompile Include="Sounds\SoundContainer.cpp">
      <Filter>Исходные файлы\Containers</Filter>
    </ClCompile>
    <ClCompile Include="Button.cpp">
      <Filter>Исходные файлы</Filter>
    </ClCompile>
    <ClCompile Include="States\AttackState.cpp">
      <Filter>Исходные файлы\States</Filter>
    </ClCompile>
    <ClCompile Include="States\HurtState.cpp">
      <Filter>Исходные файлы\States</Filter>
    </ClCompile>
    <ClCompile Include="States\IdleState.cpp">
      <Filter>Исходные файлы\States</Filter>
    </ClCompile>
    <ClCompile Include="States\RunState.cpp">
      <Filter>Исходные файлы\States</Filter>
    </ClCompile>
    <ClCompile Include="States\State.cpp">
      <Filter>Исходные файлы\States</Filter>
    </ClCompile>
    <ClCompile Include="States\WalkState.cpp">
      <Filter>Исходные файлы\States</Filter>
    </ClCompile>
    <ClCompile Include="Menu\Menu.cpp">
      <Filter>Исходные файлы\Menu</Filter>
    </ClCompile>
    <ClCompile Include="Menu\MainMenu.cpp">
      <Filter>Исходные файлы\Menu</Filter>
    </ClCompile>
    <ClCompile Include="Menu\PauseMenu.cpp">
      <Filter>Исходные файлы\Menu</Filter>
    </ClCompile>
    <ClCompile Include="GUI.cpp">
      <Filter>Исходные файлы</Filter>
    </ClCompile>
    <ClCompile Include="Server.cpp">
      <Filter>Исходные файлы</Filter>
    </ClCompile>
    <ClCompile Include="Nickname.cpp">
      <Filter>Исходные файлы</Filter>
    </ClCompile>
  </ItemGroup>
  <ItemGroup>
    <ClInclude Include="Game.h">
      <Filter>Файлы заголовков</Filter>
    </ClInclude>
    <ClInclude Include="Map\Map.h">
      <Filter>Файлы заголовков\Map</Filter>
    </ClInclude>
    <ClInclude Include="Map\Tileset.h">
      <Filter>Файлы заголовков\Map</Filter>
    </ClInclude>
    <ClInclude Include="Camera.h">
      <Filter>Файлы заголовков</Filter>
    </ClInclude>
    <ClInclude Include="Animation.h">
      <Filter>Файлы заголовков\Animator</Filter>
    </ClInclude>
    <ClInclude Include="Animator.h">
      <Filter>Файлы заголовков\Animator</Filter>
    </ClInclude>
    <ClInclude Include="GameObject.h">
      <Filter>Файлы заголовков\GameObjects</Filter>
    </ClInclude>
    <ClInclude Include="Enemy.h">
      <Filter>Файлы заголовков\GameObjects</Filter>
    </ClInclude>
    <ClInclude Include="Entity.h">
      <Filter>Файлы заголовков\GameObjects</Filter>
    </ClInclude>
    <ClInclude Include="Player.h">
      <Filter>Файлы заголовков\GameObjects</Filter>
    </ClInclude>
    <ClInclude Include="Sounds\SoundContainer.h">
      <Filter>Файлы заголовков\Containers</Filter>
    </ClInclude>
    <ClInclude Include="TextureContainer\TextureContainer.h">
      <Filter>Файлы заголовков\Containers</Filter>
    </ClInclude>
    <ClInclude Include="Button.h">
      <Filter>Файлы заголовков</Filter>
    </ClInclude>
    <ClInclude Include="States\WalkState.h">
      <Filter>Файлы заголовков\States</Filter>
    </ClInclude>
    <ClInclude Include="States\State.h">
      <Filter>Файлы заголовков\States</Filter>
    </ClInclude>
    <ClInclude Include="States\RunState.h">
      <Filter>Файлы заголовков\States</Filter>
    </ClInclude>
    <ClInclude Include="States\IdleState.h">
      <Filter>Файлы заголовков\States</Filter>
    </ClInclude>
    <ClInclude Include="States\HurtState.h">
      <Filter>Файлы заголовков\States</Filter>
    </ClInclude>
    <ClInclude Include="States\AttackState.h">
      <Filter>Файлы заголовков\States</Filter>
    </ClInclude>
    <ClInclude Include="Menu\Menu.h">
      <Filter>Файлы заголовков\Menu</Filter>
    </ClInclude>
    <ClInclude Include="Menu\MainMenu.h">
      <Filter>Файлы заголовков\Menu</Filter>
    </ClInclude>
    <ClInclude Include="Menu\PauseMenu.h">
      <Filter>Файлы заголовков\Menu</Filter>
    </ClInclude>
    <ClInclude Include="GUI.h">
      <Filter>Файлы заголовков</Filter>
    </ClInclude>
    <ClInclude Include="Server.h">
      <Filter>Файлы заголовков</Filter>
    </ClInclude>
    <ClInclude Include="Nickname.h">
      <Filter>Файлы заголовков</Filter>
    </ClInclude>
  </ItemGroup>
</Project>